
Microsoft Visual Studio Solution File, Format Version 12.00
# Visual Studio Version 17
VisualStudioVersion = 17.0.31903.59
MinimumVisualStudioVersion = 10.0.40219.1
Project("{2150E333-8FDC-42A3-9474-1A3956D46DE8}") = "Services", "Services", "{5854FF58-B8C5-05C6-5BF2-ACE42193F22B}"
EndProject
Project("{FAE04EC0-301F-11D3-BF4B-00C04F79EFBC}") = "PaymentProcessing", "Services\PaymentProcessing\PaymentProcessing.csproj", "{DEDD72EC-3700-486F-8965-7FADE6E7C9FD}"
EndProject
Project("{FAE04EC0-301F-11D3-BF4B-00C04F79EFBC}") = "RiskAssessment", "Services\RiskAssessment\RiskAssessment.csproj", "{1E66238B-0755-45A8-8F82-E4E344AD775F}"
EndProject
Project("{FAE04EC0-301F-11D3-BF4B-00C04F79EFBC}") = "PaymentRouter", "Services\PaymentRouter\PaymentRouter.csproj", "{5DD32999-B28D-4181-B9CA-E88C40A08E19}"
EndProject
Project("{FAE04EC0-301F-11D3-BF4B-00C04F79EFBC}") = "BankAdapter", "Services\BankAdapter\BankAdapter.csproj", "{EB45231C-ED99-4954-9C1C-2ECBDB77D3B9}"
EndProject
Project("{FAE04EC0-301F-11D3-BF4B-00C04F79EFBC}") = "ApiGateway", "ApiGateway\ApiGateway.csproj", "{C857B950-77F3-47C8-A84E-C2CCDF67FC8E}"
EndProject
Project("{2150E333-8FDC-42A3-9474-1A3956D46DE8}") = "Shared", "Shared", "{4F52FD11-658E-A102-6CD3-7D7C16FFA15B}"
EndProject
Project("{FAE04EC0-301F-11D3-BF4B-00C04F79EFBC}") = "Shared", "Shared\Shared.csproj", "{684D33BA-DC04-42E9-A178-33119F120221}"
EndProject
Global
	GlobalSection(SolutionConfigurationPlatforms) = preSolution
		Debug|Any CPU = Debug|Any CPU
		Debug|x64 = Debug|x64
		Debug|x86 = Debug|x86
		Release|Any CPU = Release|Any CPU
		Release|x64 = Release|x64
		Release|x86 = Release|x86
	EndGlobalSection
	GlobalSection(ProjectConfigurationPlatforms) = postSolution
		{DEDD72EC-3700-486F-8965-7FADE6E7C9FD}.Debug|Any CPU.ActiveCfg = Debug|Any CPU
		{DEDD72EC-3700-486F-8965-7FADE6E7C9FD}.Debug|Any CPU.Build.0 = Debug|Any CPU
		{DEDD72EC-3700-486F-8965-7FADE6E7C9FD}.Debug|x64.ActiveCfg = Debug|Any CPU
		{DEDD72EC-3700-486F-8965-7FADE6E7C9FD}.Debug|x64.Build.0 = Debug|Any CPU
		{DEDD72EC-3700-486F-8965-7FADE6E7C9FD}.Debug|x86.ActiveCfg = Debug|Any CPU
		{DEDD72EC-3700-486F-8965-7FADE6E7C9FD}.Debug|x86.Build.0 = Debug|Any CPU
		{DEDD72EC-3700-486F-8965-7FADE6E7C9FD}.Release|Any CPU.ActiveCfg = Release|Any CPU
		{DEDD72EC-3700-486F-8965-7FADE6E7C9FD}.Release|Any CPU.Build.0 = Release|Any CPU
		{DEDD72EC-3700-486F-8965-7FADE6E7C9FD}.Release|x64.ActiveCfg = Release|Any CPU
		{DEDD72EC-3700-486F-8965-7FADE6E7C9FD}.Release|x64.Build.0 = Release|Any CPU
		{DEDD72EC-3700-486F-8965-7FADE6E7C9FD}.Release|x86.ActiveCfg = Release|Any CPU
		{DEDD72EC-3700-486F-8965-7FADE6E7C9FD}.Release|x86.Build.0 = Release|Any CPU
		{1E66238B-0755-45A8-8F82-E4E344AD775F}.Debug|Any CPU.ActiveCfg = Debug|Any CPU
		{1E66238B-0755-45A8-8F82-E4E344AD775F}.Debug|Any CPU.Build.0 = Debug|Any CPU
		{1E66238B-0755-45A8-8F82-E4E344AD775F}.Debug|x64.ActiveCfg = Debug|Any CPU
		{1E66238B-0755-45A8-8F82-E4E344AD775F}.Debug|x64.Build.0 = Debug|Any CPU
		{1E66238B-0755-45A8-8F82-E4E344AD775F}.Debug|x86.ActiveCfg = Debug|Any CPU
		{1E66238B-0755-45A8-8F82-E4E344AD775F}.Debug|x86.Build.0 = Debug|Any CPU
		{1E66238B-0755-45A8-8F82-E4E344AD775F}.Release|Any CPU.ActiveCfg = Release|Any CPU
		{1E66238B-0755-45A8-8F82-E4E344AD775F}.Release|Any CPU.Build.0 = Release|Any CPU
		{1E66238B-0755-45A8-8F82-E4E344AD775F}.Release|x64.ActiveCfg = Release|Any CPU
		{1E66238B-0755-45A8-8F82-E4E344AD775F}.Release|x64.Build.0 = Release|Any CPU
		{1E66238B-0755-45A8-8F82-E4E344AD775F}.Release|x86.ActiveCfg = Release|Any CPU
		{1E66238B-0755-45A8-8F82-E4E344AD775F}.Release|x86.Build.0 = Release|Any CPU
		{5DD32999-B28D-4181-B9CA-E88C40A08E19}.Debug|Any CPU.ActiveCfg = Debug|Any CPU
		{5DD32999-B28D-4181-B9CA-E88C40A08E19}.Debug|Any CPU.Build.0 = Debug|Any CPU
		{5DD32999-B28D-4181-B9CA-E88C40A08E19}.Debug|x64.ActiveCfg = Debug|Any CPU
		{5DD32999-B28D-4181-B9CA-E88C40A08E19}.Debug|x64.Build.0 = Debug|Any CPU
		{5DD32999-B28D-4181-B9CA-E88C40A08E19}.Debug|x86.ActiveCfg = Debug|Any CPU
		{5DD32999-B28D-4181-B9CA-E88C40A08E19}.Debug|x86.Build.0 = Debug|Any CPU
		{5DD32999-B28D-4181-B9CA-E88C40A08E19}.Release|Any CPU.ActiveCfg = Release|Any CPU
		{5DD32999-B28D-4181-B9CA-E88C40A08E19}.Release|Any CPU.Build.0 = Release|Any CPU
		{5DD32999-B28D-4181-B9CA-E88C40A08E19}.Release|x64.ActiveCfg = Release|Any CPU
		{5DD32999-B28D-4181-B9CA-E88C40A08E19}.Release|x64.Build.0 = Release|Any CPU
		{5DD32999-B28D-4181-B9CA-E88C40A08E19}.Release|x86.ActiveCfg = Release|Any CPU
		{5DD32999-B28D-4181-B9CA-E88C40A08E19}.Release|x86.Build.0 = Release|Any CPU
		{EB45231C-ED99-4954-9C1C-2ECBDB77D3B9}.Debug|Any CPU.ActiveCfg = Debug|Any CPU
		{EB45231C-ED99-4954-9C1C-2ECBDB77D3B9}.Debug|Any CPU.Build.0 = Debug|Any CPU
		{EB45231C-ED99-4954-9C1C-2ECBDB77D3B9}.Debug|x64.ActiveCfg = Debug|Any CPU
		{EB45231C-ED99-4954-9C1C-2ECBDB77D3B9}.Debug|x64.Build.0 = Debug|Any CPU
		{EB45231C-ED99-4954-9C1C-2ECBDB77D3B9}.Debug|x86.ActiveCfg = Debug|Any CPU
		{EB45231C-ED99-4954-9C1C-2ECBDB77D3B9}.Debug|x86.Build.0 = Debug|Any CPU
		{EB45231C-ED99-4954-9C1C-2ECBDB77D3B9}.Release|Any CPU.ActiveCfg = Release|Any CPU
		{EB45231C-ED99-4954-9C1C-2ECBDB77D3B9}.Release|Any CPU.Build.0 = Release|Any CPU
		{EB45231C-ED99-4954-9C1C-2ECBDB77D3B9}.Release|x64.ActiveCfg = Release|Any CPU
		{EB45231C-ED99-4954-9C1C-2ECBDB77D3B9}.Release|x64.Build.0 = Release|Any CPU
		{EB45231C-ED99-4954-9C1C-2ECBDB77D3B9}.Release|x86.ActiveCfg = Release|Any CPU
		{EB45231C-ED99-4954-9C1C-2ECBDB77D3B9}.Release|x86.Build.0 = Release|Any CPU
		{C857B950-77F3-47C8-A84E-C2CCDF67FC8E}.Debug|Any CPU.ActiveCfg = Debug|Any CPU
		{C857B950-77F3-47C8-A84E-C2CCDF67FC8E}.Debug|Any CPU.Build.0 = Debug|Any CPU
		{C857B950-77F3-47C8-A84E-C2CCDF67FC8E}.Debug|x64.ActiveCfg = Debug|Any CPU
		{C857B950-77F3-47C8-A84E-C2CCDF67FC8E}.Debug|x64.Build.0 = Debug|Any CPU
		{C857B950-77F3-47C8-A84E-C2CCDF67FC8E}.Debug|x86.ActiveCfg = Debug|Any CPU
		{C857B950-77F3-47C8-A84E-C2CCDF67FC8E}.Debug|x86.Build.0 = Debug|Any CPU
		{C857B950-77F3-47C8-A84E-C2CCDF67FC8E}.Release|Any CPU.ActiveCfg = Release|Any CPU
		{C857B950-77F3-47C8-A84E-C2CCDF67FC8E}.Release|Any CPU.Build.0 = Release|Any CPU
		{C857B950-77F3-47C8-A84E-C2CCDF67FC8E}.Release|x64.ActiveCfg = Release|Any CPU
		{C857B950-77F3-47C8-A84E-C2CCDF67FC8E}.Release|x64.Build.0 = Release|Any CPU
		{C857B950-77F3-47C8-A84E-C2CCDF67FC8E}.Release|x86.ActiveCfg = Release|Any CPU
		{C857B950-77F3-47C8-A84E-C2CCDF67FC8E}.Release|x86.Build.0 = Release|Any CPU
		{684D33BA-DC04-42E9-A178-33119F120221}.Debug|Any CPU.ActiveCfg = Debug|Any CPU
		{684D33BA-DC04-42E9-A178-33119F120221}.Debug|Any CPU.Build.0 = Debug|Any CPU
		{684D33BA-DC04-42E9-A178-33119F120221}.Debug|x64.ActiveCfg = Debug|Any CPU
		{684D33BA-DC04-42E9-A178-33119F120221}.Debug|x64.Build.0 = Debug|Any CPU
		{684D33BA-DC04-42E9-A178-33119F120221}.Debug|x86.ActiveCfg = Debug|Any CPU
		{684D33BA-DC04-42E9-A178-33119F120221}.Debug|x86.Build.0 = Debug|Any CPU
		{684D33BA-DC04-42E9-A178-33119F120221}.Release|Any CPU.ActiveCfg = Release|Any CPU
		{684D33BA-DC04-42E9-A178-33119F120221}.Release|Any CPU.Build.0 = Release|Any CPU
		{684D33BA-DC04-42E9-A178-33119F120221}.Release|x64.ActiveCfg = Release|Any CPU
		{684D33BA-DC04-42E9-A178-33119F120221}.Release|x64.Build.0 = Release|Any CPU
		{684D33BA-DC04-42E9-A178-33119F120221}.Release|x86.ActiveCfg = Release|Any CPU
		{684D33BA-DC04-42E9-A178-33119F120221}.Release|x86.Build.0 = Release|Any CPU
	EndGlobalSection
	GlobalSection(SolutionProperties) = preSolution
		HideSolutionNode = FALSE
	EndGlobalSection
	GlobalSection(NestedProjects) = preSolution
		{DEDD72EC-3700-486F-8965-7FADE6E7C9FD} = {5854FF58-B8C5-05C6-5BF2-ACE42193F22B}
		{1E66238B-0755-45A8-8F82-E4E344AD775F} = {5854FF58-B8C5-05C6-5BF2-ACE42193F22B}
		{5DD32999-B28D-4181-B9CA-E88C40A08E19} = {5854FF58-B8C5-05C6-5BF2-ACE42193F22B}
		{EB45231C-ED99-4954-9C1C-2ECBDB77D3B9} = {5854FF58-B8C5-05C6-5BF2-ACE42193F22B}
		{684D33BA-DC04-42E9-A178-33119F120221} = {4F52FD11-658E-A102-6CD3-7D7C16FFA15B}
	EndGlobalSection
EndGlobal
